
Microsoft Visual Studio Solution File, Format Version 12.00
# Visual Studio Version 16
VisualStudioVersion = 16.0.30503.244
MinimumVisualStudioVersion = 10.0.40219.1
Project("{FAE04EC0-301F-11D3-BF4B-00C04F79EFBC}") = "Erlin.Utils.AutoPageant", "Erlin.Utils.AutoPageant\Erlin.Utils.AutoPageant.csproj", "{74BB77B9-CE8E-4AFD-B31D-26C65A7947F7}"
EndProject
Global
	GlobalSection(SolutionConfigurationPlatforms) = preSolution
		Debug|Any CPU = Debug|Any CPU
		Release|Any CPU = Release|Any CPU
	EndGlobalSection
	GlobalSection(ProjectConfigurationPlatforms) = postSolution
		{74BB77B9-CE8E-4AFD-B31D-26C65A7947F7}.Debug|Any CPU.ActiveCfg = Debug|Any CPU
		{74BB77B9-CE8E-4AFD-B31D-26C65A7947F7}.Debug|Any CPU.Build.0 = Debug|Any CPU
		{74BB77B9-CE8E-4AFD-B31D-26C65A7947F7}.Release|Any CPU.ActiveCfg = Release|Any CPU
		{74BB77B9-CE8E-4AFD-B31D-26C65A7947F7}.Release|Any CPU.Build.0 = Release|Any CPU
	EndGlobalSection
	GlobalSection(SolutionProperties) = preSolution
		HideSolutionNode = FALSE
	EndGlobalSection
	GlobalSection(ExtensibilityGlobals) = postSolution
		SolutionGuid = {A1C61E8C-C0CA-4644-9942-402FCC5C3F61}
	EndGlobalSection
EndGlobal
